// !$*UTF8*$!
{
	archiveVersion = 1;
	classes = {
	};
	objectVersion = 56;
	objects = {

/* Begin PBXBuildFile section */
		E77A5FB82B6A7C0400FE92B0 /* SceneDelegate.swift in Sources */ = {isa = PBXBuildFile; fileRef = E77A5FB72B6A7C0400FE92B0 /* SceneDelegate.swift */; };
		E782EBBC2B9D91E8008B0B2B /* CountryListItemView.swift in Sources */ = {isa = PBXBuildFile; fileRef = E782EBB82B9D91E8008B0B2B /* CountryListItemView.swift */; };
		E782EBBD2B9D91E8008B0B2B /* CountryListView.swift in Sources */ = {isa = PBXBuildFile; fileRef = E782EBB92B9D91E8008B0B2B /* CountryListView.swift */; };
		E782EBBE2B9D91E8008B0B2B /* CountryListErrorView.swift in Sources */ = {isa = PBXBuildFile; fileRef = E782EBBA2B9D91E8008B0B2B /* CountryListErrorView.swift */; };
		E782EBBF2B9D91E8008B0B2B /* CountryListLoadingView.swift in Sources */ = {isa = PBXBuildFile; fileRef = E782EBBB2B9D91E8008B0B2B /* CountryListLoadingView.swift */; };
		E782EBC12B9D9246008B0B2B /* CountryList+Screen.swift in Sources */ = {isa = PBXBuildFile; fileRef = E782EBC02B9D9246008B0B2B /* CountryList+Screen.swift */; };
		E782EBC32B9DA133008B0B2B /* UNService.swift in Sources */ = {isa = PBXBuildFile; fileRef = E782EBC22B9DA133008B0B2B /* UNService.swift */; };
		E782EBC52B9DA49B008B0B2B /* UNServiceMock.swift in Sources */ = {isa = PBXBuildFile; fileRef = E782EBC42B9DA49B008B0B2B /* UNServiceMock.swift */; };
		E7A622012B9C482300802183 /* CountryList+Event.swift in Sources */ = {isa = PBXBuildFile; fileRef = E7A622002B9C482300802183 /* CountryList+Event.swift */; };
		E7A622082B9C483000802183 /* CountryList+State.swift in Sources */ = {isa = PBXBuildFile; fileRef = E7A622022B9C483000802183 /* CountryList+State.swift */; };
		E7A622092B9C483000802183 /* CountryList+Action.swift in Sources */ = {isa = PBXBuildFile; fileRef = E7A622032B9C483000802183 /* CountryList+Action.swift */; };
		E7A6220A2B9C483000802183 /* CountryList+Reducer.swift in Sources */ = {isa = PBXBuildFile; fileRef = E7A622042B9C483000802183 /* CountryList+Reducer.swift */; };
		E7A6220B2B9C483000802183 /* CountryList+Store.swift in Sources */ = {isa = PBXBuildFile; fileRef = E7A622052B9C483000802183 /* CountryList+Store.swift */; };
		E7A6220C2B9C483000802183 /* CountryList+ActionCreator.swift in Sources */ = {isa = PBXBuildFile; fileRef = E7A622062B9C483000802183 /* CountryList+ActionCreator.swift */; };
		E7A6220D2B9C483000802183 /* CountryList+Adapter.swift in Sources */ = {isa = PBXBuildFile; fileRef = E7A622072B9C483000802183 /* CountryList+Adapter.swift */; };
		E7A6220F2B9C487E00802183 /* CountryList+Module.swift in Sources */ = {isa = PBXBuildFile; fileRef = E7A6220E2B9C487E00802183 /* CountryList+Module.swift */; };
		E7A622162B9C4A8A00802183 /* CountriesResponse.swift in Sources */ = {isa = PBXBuildFile; fileRef = E7A622112B9C4A8A00802183 /* CountriesResponse.swift */; };
		E7A622172B9C4A8A00802183 /* countries.json in Resources */ = {isa = PBXBuildFile; fileRef = E7A622122B9C4A8A00802183 /* countries.json */; };
		E7A622182B9C4A8A00802183 /* CountryService.swift in Sources */ = {isa = PBXBuildFile; fileRef = E7A622132B9C4A8A00802183 /* CountryService.swift */; };
		E7A622292B9C4B9300802183 /* CountryListReducerTests.swift in Sources */ = {isa = PBXBuildFile; fileRef = E7A622282B9C4B9300802183 /* CountryListReducerTests.swift */; };
		E7A6222B2B9C4D4B00802183 /* CountryListActionCreatorTests.swift in Sources */ = {isa = PBXBuildFile; fileRef = E7A6222A2B9C4D4B00802183 /* CountryListActionCreatorTests.swift */; };
		E7A6222D2B9C4D5300802183 /* CountryListActionCreatorMock.swift in Sources */ = {isa = PBXBuildFile; fileRef = E7A6222C2B9C4D5300802183 /* CountryListActionCreatorMock.swift */; };
		E7A6222F2B9C4D5A00802183 /* CountryListStoreTests.swift in Sources */ = {isa = PBXBuildFile; fileRef = E7A6222E2B9C4D5A00802183 /* CountryListStoreTests.swift */; };
		E7A622312B9C4D6100802183 /* CountryListStoreStaticTests.swift in Sources */ = {isa = PBXBuildFile; fileRef = E7A622302B9C4D6100802183 /* CountryListStoreStaticTests.swift */; };
		E7A622332B9C4DD500802183 /* CountryServiceMock.swift in Sources */ = {isa = PBXBuildFile; fileRef = E7A622322B9C4DD500802183 /* CountryServiceMock.swift */; };
		E7DCBFE12B4D45B900754DAD /* LaunchScreen.storyboard in Resources */ = {isa = PBXBuildFile; fileRef = E7DCBFE02B4D45B900754DAD /* LaunchScreen.storyboard */; };
		E7DCBFE32B4D460E00754DAD /* AppDelegate.swift in Sources */ = {isa = PBXBuildFile; fileRef = E7DCBFE22B4D460E00754DAD /* AppDelegate.swift */; };
/* End PBXBuildFile section */

/* Begin PBXContainerItemProxy section */
		E7A622232B9C4B7B00802183 /* PBXContainerItemProxy */ = {
			isa = PBXContainerItemProxy;
			containerPortal = E7DCBFC52B4D44AA00754DAD /* Project object */;
			proxyType = 1;
			remoteGlobalIDString = E7DCBFCC2B4D44AA00754DAD;
			remoteInfo = ModuleExample;
		};
/* End PBXContainerItemProxy section */

/* Begin PBXFileReference section */
		E77A5FB72B6A7C0400FE92B0 /* SceneDelegate.swift */ = {isa = PBXFileReference; lastKnownFileType = sourcecode.swift; path = SceneDelegate.swift; sourceTree = "<group>"; };
		E77A5FBC2B6A7D8D00FE92B0 /* Info.plist */ = {isa = PBXFileReference; lastKnownFileType = text.plist.xml; path = Info.plist; sourceTree = "<group>"; };
		E782EBB82B9D91E8008B0B2B /* CountryListItemView.swift */ = {isa = PBXFileReference; fileEncoding = 4; lastKnownFileType = sourcecode.swift; path = CountryListItemView.swift; sourceTree = "<group>"; };
		E782EBB92B9D91E8008B0B2B /* CountryListView.swift */ = {isa = PBXFileReference; fileEncoding = 4; lastKnownFileType = sourcecode.swift; path = CountryListView.swift; sourceTree = "<group>"; };
		E782EBBA2B9D91E8008B0B2B /* CountryListErrorView.swift */ = {isa = PBXFileReference; fileEncoding = 4; lastKnownFileType = sourcecode.swift; path = CountryListErrorView.swift; sourceTree = "<group>"; };
		E782EBBB2B9D91E8008B0B2B /* CountryListLoadingView.swift */ = {isa = PBXFileReference; fileEncoding = 4; lastKnownFileType = sourcecode.swift; path = CountryListLoadingView.swift; sourceTree = "<group>"; };
		E782EBC02B9D9246008B0B2B /* CountryList+Screen.swift */ = {isa = PBXFileReference; fileEncoding = 4; lastKnownFileType = sourcecode.swift; path = "CountryList+Screen.swift"; sourceTree = "<group>"; };
		E782EBC22B9DA133008B0B2B /* UNService.swift */ = {isa = PBXFileReference; fileEncoding = 4; lastKnownFileType = sourcecode.swift; path = UNService.swift; sourceTree = "<group>"; };
		E782EBC42B9DA49B008B0B2B /* UNServiceMock.swift */ = {isa = PBXFileReference; fileEncoding = 4; lastKnownFileType = sourcecode.swift; path = UNServiceMock.swift; sourceTree = "<group>"; };
		E7A622002B9C482300802183 /* CountryList+Event.swift */ = {isa = PBXFileReference; fileEncoding = 4; lastKnownFileType = sourcecode.swift; path = "CountryList+Event.swift"; sourceTree = "<group>"; };
		E7A622022B9C483000802183 /* CountryList+State.swift */ = {isa = PBXFileReference; fileEncoding = 4; lastKnownFileType = sourcecode.swift; path = "CountryList+State.swift"; sourceTree = "<group>"; };
		E7A622032B9C483000802183 /* CountryList+Action.swift */ = {isa = PBXFileReference; fileEncoding = 4; lastKnownFileType = sourcecode.swift; path = "CountryList+Action.swift"; sourceTree = "<group>"; };
		E7A622042B9C483000802183 /* CountryList+Reducer.swift */ = {isa = PBXFileReference; fileEncoding = 4; lastKnownFileType = sourcecode.swift; path = "CountryList+Reducer.swift"; sourceTree = "<group>"; };
		E7A622052B9C483000802183 /* CountryList+Store.swift */ = {isa = PBXFileReference; fileEncoding = 4; lastKnownFileType = sourcecode.swift; path = "CountryList+Store.swift"; sourceTree = "<group>"; };
		E7A622062B9C483000802183 /* CountryList+ActionCreator.swift */ = {isa = PBXFileReference; fileEncoding = 4; lastKnownFileType = sourcecode.swift; path = "CountryList+ActionCreator.swift"; sourceTree = "<group>"; };
		E7A622072B9C483000802183 /* CountryList+Adapter.swift */ = {isa = PBXFileReference; fileEncoding = 4; lastKnownFileType = sourcecode.swift; path = "CountryList+Adapter.swift"; sourceTree = "<group>"; };
		E7A6220E2B9C487E00802183 /* CountryList+Module.swift */ = {isa = PBXFileReference; fileEncoding = 4; lastKnownFileType = sourcecode.swift; path = "CountryList+Module.swift"; sourceTree = "<group>"; };
		E7A622112B9C4A8A00802183 /* CountriesResponse.swift */ = {isa = PBXFileReference; fileEncoding = 4; lastKnownFileType = sourcecode.swift; path = CountriesResponse.swift; sourceTree = "<group>"; };
		E7A622122B9C4A8A00802183 /* countries.json */ = {isa = PBXFileReference; fileEncoding = 4; lastKnownFileType = text.json; path = countries.json; sourceTree = "<group>"; };
		E7A622132B9C4A8A00802183 /* CountryService.swift */ = {isa = PBXFileReference; fileEncoding = 4; lastKnownFileType = sourcecode.swift; path = CountryService.swift; sourceTree = "<group>"; };
		E7A6221F2B9C4B7B00802183 /* ModuleExampleTests.xctest */ = {isa = PBXFileReference; explicitFileType = wrapper.cfbundle; includeInIndex = 0; path = ModuleExampleTests.xctest; sourceTree = BUILT_PRODUCTS_DIR; };
		E7A622282B9C4B9300802183 /* CountryListReducerTests.swift */ = {isa = PBXFileReference; fileEncoding = 4; lastKnownFileType = sourcecode.swift; path = CountryListReducerTests.swift; sourceTree = "<group>"; };
		E7A6222A2B9C4D4B00802183 /* CountryListActionCreatorTests.swift */ = {isa = PBXFileReference; fileEncoding = 4; lastKnownFileType = sourcecode.swift; path = CountryListActionCreatorTests.swift; sourceTree = "<group>"; };
		E7A6222C2B9C4D5300802183 /* CountryListActionCreatorMock.swift */ = {isa = PBXFileReference; fileEncoding = 4; lastKnownFileType = sourcecode.swift; path = CountryListActionCreatorMock.swift; sourceTree = "<group>"; };
		E7A6222E2B9C4D5A00802183 /* CountryListStoreTests.swift */ = {isa = PBXFileReference; fileEncoding = 4; lastKnownFileType = sourcecode.swift; path = CountryListStoreTests.swift; sourceTree = "<group>"; };
		E7A622302B9C4D6100802183 /* CountryListStoreStaticTests.swift */ = {isa = PBXFileReference; fileEncoding = 4; lastKnownFileType = sourcecode.swift; path = CountryListStoreStaticTests.swift; sourceTree = "<group>"; };
		E7A622322B9C4DD500802183 /* CountryServiceMock.swift */ = {isa = PBXFileReference; fileEncoding = 4; lastKnownFileType = sourcecode.swift; path = CountryServiceMock.swift; sourceTree = "<group>"; };
		E7DCBFCD2B4D44AA00754DAD /* ModuleExample.app */ = {isa = PBXFileReference; explicitFileType = wrapper.application; includeInIndex = 0; path = ModuleExample.app; sourceTree = BUILT_PRODUCTS_DIR; };
		E7DCBFE02B4D45B900754DAD /* LaunchScreen.storyboard */ = {isa = PBXFileReference; lastKnownFileType = file.storyboard; path = LaunchScreen.storyboard; sourceTree = "<group>"; };
		E7DCBFE22B4D460E00754DAD /* AppDelegate.swift */ = {isa = PBXFileReference; lastKnownFileType = sourcecode.swift; path = AppDelegate.swift; sourceTree = "<group>"; };
/* End PBXFileReference section */

/* Begin PBXFrameworksBuildPhase section */
		E7A6221C2B9C4B7B00802183 /* Frameworks */ = {
			isa = PBXFrameworksBuildPhase;
			buildActionMask = 2147483647;
			files = (
			);
			runOnlyForDeploymentPostprocessing = 0;
		};
		E7DCBFCA2B4D44AA00754DAD /* Frameworks */ = {
			isa = PBXFrameworksBuildPhase;
			buildActionMask = 2147483647;
			files = (
			);
			runOnlyForDeploymentPostprocessing = 0;
		};
/* End PBXFrameworksBuildPhase section */

/* Begin PBXGroup section */
		E782EBB72B9D91E8008B0B2B /* View */ = {
			isa = PBXGroup;
			children = (
				E782EBB82B9D91E8008B0B2B /* CountryListItemView.swift */,
				E782EBB92B9D91E8008B0B2B /* CountryListView.swift */,
				E782EBBA2B9D91E8008B0B2B /* CountryListErrorView.swift */,
				E782EBBB2B9D91E8008B0B2B /* CountryListLoadingView.swift */,
			);
			path = View;
			sourceTree = "<group>";
		};
		E7A621FF2B9C47E000802183 /* Module */ = {
			isa = PBXGroup;
			children = (
				E7A6220E2B9C487E00802183 /* CountryList+Module.swift */,
				E7A622002B9C482300802183 /* CountryList+Event.swift */,
				E7A622032B9C483000802183 /* CountryList+Action.swift */,
				E7A622062B9C483000802183 /* CountryList+ActionCreator.swift */,
				E7A622072B9C483000802183 /* CountryList+Adapter.swift */,
				E7A622042B9C483000802183 /* CountryList+Reducer.swift */,
				E7A622022B9C483000802183 /* CountryList+State.swift */,
				E7A622052B9C483000802183 /* CountryList+Store.swift */,
				E782EBC02B9D9246008B0B2B /* CountryList+Screen.swift */,
				E782EBB72B9D91E8008B0B2B /* View */,
				E7A622102B9C4A8A00802183 /* Service */,
			);
			path = Module;
			sourceTree = "<group>";
		};
		E7A622102B9C4A8A00802183 /* Service */ = {
			isa = PBXGroup;
			children = (
				E7A622132B9C4A8A00802183 /* CountryService.swift */,
				E7A622112B9C4A8A00802183 /* CountriesResponse.swift */,
				E782EBC22B9DA133008B0B2B /* UNService.swift */,
				E7A622122B9C4A8A00802183 /* countries.json */,
			);
			path = Service;
			sourceTree = "<group>";
		};
		E7A622202B9C4B7B00802183 /* ModuleExampleTests */ = {
			isa = PBXGroup;
			children = (
				E7A6222E2B9C4D5A00802183 /* CountryListStoreTests.swift */,
				E7A622302B9C4D6100802183 /* CountryListStoreStaticTests.swift */,
				E7A622282B9C4B9300802183 /* CountryListReducerTests.swift */,
				E7A6222A2B9C4D4B00802183 /* CountryListActionCreatorTests.swift */,
				E7A6222C2B9C4D5300802183 /* CountryListActionCreatorMock.swift */,
				E7A622322B9C4DD500802183 /* CountryServiceMock.swift */,
				E782EBC42B9DA49B008B0B2B /* UNServiceMock.swift */,
			);
			path = ModuleExampleTests;
			sourceTree = "<group>";
		};
		E7DCBFC42B4D44AA00754DAD = {
			isa = PBXGroup;
			children = (
				E7DCBFCF2B4D44AA00754DAD /* ModuleExample */,
				E7A622202B9C4B7B00802183 /* ModuleExampleTests */,
				E7DCBFCE2B4D44AA00754DAD /* Products */,
			);
			sourceTree = "<group>";
		};
		E7DCBFCE2B4D44AA00754DAD /* Products */ = {
			isa = PBXGroup;
			children = (
				E7DCBFCD2B4D44AA00754DAD /* ModuleExample.app */,
				E7A6221F2B9C4B7B00802183 /* ModuleExampleTests.xctest */,
			);
			name = Products;
			sourceTree = "<group>";
		};
		E7DCBFCF2B4D44AA00754DAD /* ModuleExample */ = {
			isa = PBXGroup;
			children = (
				E7DCBFE42B4D470A00754DAD /* Launch */,
				E7A621FF2B9C47E000802183 /* Module */,
			);
			path = ModuleExample;
			sourceTree = "<group>";
		};
		E7DCBFE42B4D470A00754DAD /* Launch */ = {
			isa = PBXGroup;
			children = (
				E7DCBFE22B4D460E00754DAD /* AppDelegate.swift */,
				E77A5FB72B6A7C0400FE92B0 /* SceneDelegate.swift */,
				E7DCBFE02B4D45B900754DAD /* LaunchScreen.storyboard */,
				E77A5FBC2B6A7D8D00FE92B0 /* Info.plist */,
			);
			path = Launch;
			sourceTree = "<group>";
		};
/* End PBXGroup section */

/* Begin PBXNativeTarget section */
		E7A6221E2B9C4B7B00802183 /* ModuleExampleTests */ = {
			isa = PBXNativeTarget;
			buildConfigurationList = E7A622252B9C4B7B00802183 /* Build configuration list for PBXNativeTarget "ModuleExampleTests" */;
			buildPhases = (
				E7A6221B2B9C4B7B00802183 /* Sources */,
				E7A6221C2B9C4B7B00802183 /* Frameworks */,
				E7A6221D2B9C4B7B00802183 /* Resources */,
			);
			buildRules = (
			);
			dependencies = (
				E7A622242B9C4B7B00802183 /* PBXTargetDependency */,
			);
			name = ModuleExampleTests;
			productName = ModuleExampleTests;
			productReference = E7A6221F2B9C4B7B00802183 /* ModuleExampleTests.xctest */;
			productType = "com.apple.product-type.bundle.unit-test";
		};
		E7DCBFCC2B4D44AA00754DAD /* ModuleExample */ = {
			isa = PBXNativeTarget;
			buildConfigurationList = E7DCBFDB2B4D44AC00754DAD /* Build configuration list for PBXNativeTarget "ModuleExample" */;
			buildPhases = (
				E7DCBFC92B4D44AA00754DAD /* Sources */,
				E7DCBFCA2B4D44AA00754DAD /* Frameworks */,
				E7DCBFCB2B4D44AA00754DAD /* Resources */,
			);
			buildRules = (
			);
			dependencies = (
			);
			name = ModuleExample;
			productName = ModuleExample;
			productReference = E7DCBFCD2B4D44AA00754DAD /* ModuleExample.app */;
			productType = "com.apple.product-type.application";
		};
/* End PBXNativeTarget section */

/* Begin PBXProject section */
		E7DCBFC52B4D44AA00754DAD /* Project object */ = {
			isa = PBXProject;
			attributes = {
				BuildIndependentTargetsInParallel = 1;
				LastSwiftUpdateCheck = 1520;
				LastUpgradeCheck = 1510;
				TargetAttributes = {
					E7A6221E2B9C4B7B00802183 = {
						CreatedOnToolsVersion = 15.2;
						LastSwiftMigration = 1520;
						TestTargetID = E7DCBFCC2B4D44AA00754DAD;
					};
					E7DCBFCC2B4D44AA00754DAD = {
						CreatedOnToolsVersion = 15.1;
						LastSwiftMigration = 1510;
					};
				};
			};
			buildConfigurationList = E7DCBFC82B4D44AA00754DAD /* Build configuration list for PBXProject "ModuleExample" */;
			compatibilityVersion = "Xcode 14.0";
			developmentRegion = en;
			hasScannedForEncodings = 0;
			knownRegions = (
				en,
				Base,
			);
			mainGroup = E7DCBFC42B4D44AA00754DAD;
			productRefGroup = E7DCBFCE2B4D44AA00754DAD /* Products */;
			projectDirPath = "";
			projectRoot = "";
			targets = (
				E7DCBFCC2B4D44AA00754DAD /* ModuleExample */,
				E7A6221E2B9C4B7B00802183 /* ModuleExampleTests */,
			);
		};
/* End PBXProject section */

/* Begin PBXResourcesBuildPhase section */
		E7A6221D2B9C4B7B00802183 /* Resources */ = {
			isa = PBXResourcesBuildPhase;
			buildActionMask = 2147483647;
			files = (
			);
			runOnlyForDeploymentPostprocessing = 0;
		};
		E7DCBFCB2B4D44AA00754DAD /* Resources */ = {
			isa = PBXResourcesBuildPhase;
			buildActionMask = 2147483647;
			files = (
				E7A622172B9C4A8A00802183 /* countries.json in Resources */,
				E7DCBFE12B4D45B900754DAD /* LaunchScreen.storyboard in Resources */,
			);
			runOnlyForDeploymentPostprocessing = 0;
		};
/* End PBXResourcesBuildPhase section */

/* Begin PBXSourcesBuildPhase section */
		E7A6221B2B9C4B7B00802183 /* Sources */ = {
			isa = PBXSourcesBuildPhase;
			buildActionMask = 2147483647;
			files = (
				E7A622312B9C4D6100802183 /* CountryListStoreStaticTests.swift in Sources */,
				E7A622292B9C4B9300802183 /* CountryListReducerTests.swift in Sources */,
				E7A622332B9C4DD500802183 /* CountryServiceMock.swift in Sources */,
				E7A6222B2B9C4D4B00802183 /* CountryListActionCreatorTests.swift in Sources */,
				E782EBC52B9DA49B008B0B2B /* UNServiceMock.swift in Sources */,
				E7A6222F2B9C4D5A00802183 /* CountryListStoreTests.swift in Sources */,
				E7A6222D2B9C4D5300802183 /* CountryListActionCreatorMock.swift in Sources */,
			);
			runOnlyForDeploymentPostprocessing = 0;
		};
		E7DCBFC92B4D44AA00754DAD /* Sources */ = {
			isa = PBXSourcesBuildPhase;
			buildActionMask = 2147483647;
			files = (
				E782EBBF2B9D91E8008B0B2B /* CountryListLoadingView.swift in Sources */,
				E782EBBC2B9D91E8008B0B2B /* CountryListItemView.swift in Sources */,
				E782EBBE2B9D91E8008B0B2B /* CountryListErrorView.swift in Sources */,
				E7A622182B9C4A8A00802183 /* CountryService.swift in Sources */,
				E7A6220A2B9C483000802183 /* CountryList+Reducer.swift in Sources */,
				E7A622092B9C483000802183 /* CountryList+Action.swift in Sources */,
				E7A6220D2B9C483000802183 /* CountryList+Adapter.swift in Sources */,
				E7A6220B2B9C483000802183 /* CountryList+Store.swift in Sources */,
				E7A6220C2B9C483000802183 /* CountryList+ActionCreator.swift in Sources */,
				E7A622082B9C483000802183 /* CountryList+State.swift in Sources */,
				E7A6220F2B9C487E00802183 /* CountryList+Module.swift in Sources */,
				E782EBC12B9D9246008B0B2B /* CountryList+Screen.swift in Sources */,
				E782EBC32B9DA133008B0B2B /* UNService.swift in Sources */,
				E782EBBD2B9D91E8008B0B2B /* CountryListView.swift in Sources */,
				E7DCBFE32B4D460E00754DAD /* AppDelegate.swift in Sources */,
				E77A5FB82B6A7C0400FE92B0 /* SceneDelegate.swift in Sources */,
				E7A622162B9C4A8A00802183 /* CountriesResponse.swift in Sources */,
				E7A622012B9C482300802183 /* CountryList+Event.swift in Sources */,
			);
			runOnlyForDeploymentPostprocessing = 0;
		};
/* End PBXSourcesBuildPhase section */

/* Begin PBXTargetDependency section */
		E7A622242B9C4B7B00802183 /* PBXTargetDependency */ = {
			isa = PBXTargetDependency;
			target = E7DCBFCC2B4D44AA00754DAD /* ModuleExample */;
			targetProxy = E7A622232B9C4B7B00802183 /* PBXContainerItemProxy */;
		};
/* End PBXTargetDependency section */

/* Begin XCBuildConfiguration section */
		E7A622262B9C4B7B00802183 /* Debug */ = {
			isa = XCBuildConfiguration;
			buildSettings = {
				BUNDLE_LOADER = "$(TEST_HOST)";
				CLANG_ENABLE_MODULES = YES;
				CODE_SIGN_STYLE = Automatic;
				CURRENT_PROJECT_VERSION = 1;
				GENERATE_INFOPLIST_FILE = YES;
				IPHONEOS_DEPLOYMENT_TARGET = 17.2;
				MARKETING_VERSION = 1.0;
				PRODUCT_BUNDLE_IDENTIFIER = com.shookup.ModuleExampleTests;
				PRODUCT_NAME = "$(TARGET_NAME)";
				SWIFT_EMIT_LOC_STRINGS = NO;
				SWIFT_OPTIMIZATION_LEVEL = "-Onone";
				SWIFT_VERSION = 5.0;
				TARGETED_DEVICE_FAMILY = "1,2";
				TEST_HOST = "$(BUILT_PRODUCTS_DIR)/ModuleExample.app/$(BUNDLE_EXECUTABLE_FOLDER_PATH)/ModuleExample";
			};
			name = Debug;
		};
		E7A622272B9C4B7B00802183 /* Release */ = {
			isa = XCBuildConfiguration;
			buildSettings = {
				BUNDLE_LOADER = "$(TEST_HOST)";
				CLANG_ENABLE_MODULES = YES;
				CODE_SIGN_STYLE = Automatic;
				CURRENT_PROJECT_VERSION = 1;
				GENERATE_INFOPLIST_FILE = YES;
				IPHONEOS_DEPLOYMENT_TARGET = 17.2;
				MARKETING_VERSION = 1.0;
				PRODUCT_BUNDLE_IDENTIFIER = com.shookup.ModuleExampleTests;
				PRODUCT_NAME = "$(TARGET_NAME)";
				SWIFT_EMIT_LOC_STRINGS = NO;
				SWIFT_VERSION = 5.0;
				TARGETED_DEVICE_FAMILY = "1,2";
				TEST_HOST = "$(BUILT_PRODUCTS_DIR)/ModuleExample.app/$(BUNDLE_EXECUTABLE_FOLDER_PATH)/ModuleExample";
			};
			name = Release;
		};
		E7DCBFD92B4D44AC00754DAD /* Debug */ = {
			isa = XCBuildConfiguration;
			buildSettings = {
				ALWAYS_SEARCH_USER_PATHS = NO;
				ASSETCATALOG_COMPILER_GENERATE_SWIFT_ASSET_SYMBOL_EXTENSIONS = YES;
				CLANG_ANALYZER_NONNULL = YES;
				CLANG_ANALYZER_NUMBER_OBJECT_CONVERSION = YES_AGGRESSIVE;
				CLANG_CXX_LANGUAGE_STANDARD = "gnu++20";
				CLANG_ENABLE_MODULES = YES;
				CLANG_ENABLE_OBJC_ARC = YES;
				CLANG_ENABLE_OBJC_WEAK = YES;
				CLANG_WARN_BLOCK_CAPTURE_AUTORELEASING = YES;
				CLANG_WARN_BOOL_CONVERSION = YES;
				CLANG_WARN_COMMA = YES;
				CLANG_WARN_CONSTANT_CONVERSION = YES;
				CLANG_WARN_DEPRECATED_OBJC_IMPLEMENTATIONS = YES;
				CLANG_WARN_DIRECT_OBJC_ISA_USAGE = YES_ERROR;
				CLANG_WARN_DOCUMENTATION_COMMENTS = YES;
				CLANG_WARN_EMPTY_BODY = YES;
				CLANG_WARN_ENUM_CONVERSION = YES;
				CLANG_WARN_INFINITE_RECURSION = YES;
				CLANG_WARN_INT_CONVERSION = YES;
				CLANG_WARN_NON_LITERAL_NULL_CONVERSION = YES;
				CLANG_WARN_OBJC_IMPLICIT_RETAIN_SELF = YES;
				CLANG_WARN_OBJC_LITERAL_CONVERSION = YES;
				CLANG_WARN_OBJC_ROOT_CLASS = YES_ERROR;
				CLANG_WARN_QUOTED_INCLUDE_IN_FRAMEWORK_HEADER = YES;
				CLANG_WARN_RANGE_LOOP_ANALYSIS = YES;
				CLANG_WARN_STRICT_PROTOTYPES = YES;
				CLANG_WARN_SUSPICIOUS_MOVE = YES;
				CLANG_WARN_UNGUARDED_AVAILABILITY = YES_AGGRESSIVE;
				CLANG_WARN_UNREACHABLE_CODE = YES;
				CLANG_WARN__DUPLICATE_METHOD_MATCH = YES;
				COPY_PHASE_STRIP = NO;
				DEBUG_INFORMATION_FORMAT = dwarf;
				ENABLE_STRICT_OBJC_MSGSEND = YES;
				ENABLE_TESTABILITY = YES;
				ENABLE_USER_SCRIPT_SANDBOXING = YES;
				GCC_C_LANGUAGE_STANDARD = gnu17;
				GCC_DYNAMIC_NO_PIC = NO;
				GCC_NO_COMMON_BLOCKS = YES;
				GCC_OPTIMIZATION_LEVEL = 0;
				GCC_PREPROCESSOR_DEFINITIONS = (
					"DEBUG=1",
					"$(inherited)",
				);
				GCC_WARN_64_TO_32_BIT_CONVERSION = YES;
				GCC_WARN_ABOUT_RETURN_TYPE = YES_ERROR;
				GCC_WARN_UNDECLARED_SELECTOR = YES;
				GCC_WARN_UNINITIALIZED_AUTOS = YES_AGGRESSIVE;
				GCC_WARN_UNUSED_FUNCTION = YES;
				GCC_WARN_UNUSED_VARIABLE = YES;
				IPHONEOS_DEPLOYMENT_TARGET = 15.0;
				LOCALIZATION_PREFERS_STRING_CATALOGS = YES;
				MTL_ENABLE_DEBUG_INFO = INCLUDE_SOURCE;
				MTL_FAST_MATH = YES;
				ONLY_ACTIVE_ARCH = YES;
				SDKROOT = iphoneos;
				SWIFT_ACTIVE_COMPILATION_CONDITIONS = "DEBUG $(inherited)";
				SWIFT_OPTIMIZATION_LEVEL = "-Onone";
			};
			name = Debug;
		};
		E7DCBFDA2B4D44AC00754DAD /* Release */ = {
			isa = XCBuildConfiguration;
			buildSettings = {
				ALWAYS_SEARCH_USER_PATHS = NO;
				ASSETCATALOG_COMPILER_GENERATE_SWIFT_ASSET_SYMBOL_EXTENSIONS = YES;
				CLANG_ANALYZER_NONNULL = YES;
				CLANG_ANALYZER_NUMBER_OBJECT_CONVERSION = YES_AGGRESSIVE;
				CLANG_CXX_LANGUAGE_STANDARD = "gnu++20";
				CLANG_ENABLE_MODULES = YES;
				CLANG_ENABLE_OBJC_ARC = YES;
				CLANG_ENABLE_OBJC_WEAK = YES;
				CLANG_WARN_BLOCK_CAPTURE_AUTORELEASING = YES;
				CLANG_WARN_BOOL_CONVERSION = YES;
				CLANG_WARN_COMMA = YES;
				CLANG_WARN_CONSTANT_CONVERSION = YES;
				CLANG_WARN_DEPRECATED_OBJC_IMPLEMENTATIONS = YES;
				CLANG_WARN_DIRECT_OBJC_ISA_USAGE = YES_ERROR;
				CLANG_WARN_DOCUMENTATION_COMMENTS = YES;
				CLANG_WARN_EMPTY_BODY = YES;
				CLANG_WARN_ENUM_CONVERSION = YES;
				CLANG_WARN_INFINITE_RECURSION = YES;
				CLANG_WARN_INT_CONVERSION = YES;
				CLANG_WARN_NON_LITERAL_NULL_CONVERSION = YES;
				CLANG_WARN_OBJC_IMPLICIT_RETAIN_SELF = YES;
				CLANG_WARN_OBJC_LITERAL_CONVERSION = YES;
				CLANG_WARN_OBJC_ROOT_CLASS = YES_ERROR;
				CLANG_WARN_QUOTED_INCLUDE_IN_FRAMEWORK_HEADER = YES;
				CLANG_WARN_RANGE_LOOP_ANALYSIS = YES;
				CLANG_WARN_STRICT_PROTOTYPES = YES;
				CLANG_WARN_SUSPICIOUS_MOVE = YES;
				CLANG_WARN_UNGUARDED_AVAILABILITY = YES_AGGRESSIVE;
				CLANG_WARN_UNREACHABLE_CODE = YES;
				CLANG_WARN__DUPLICATE_METHOD_MATCH = YES;
				COPY_PHASE_STRIP = NO;
				DEBUG_INFORMATION_FORMAT = "dwarf-with-dsym";
				ENABLE_NS_ASSERTIONS = NO;
				ENABLE_STRICT_OBJC_MSGSEND = YES;
				ENABLE_USER_SCRIPT_SANDBOXING = YES;
				GCC_C_LANGUAGE_STANDARD = gnu17;
				GCC_NO_COMMON_BLOCKS = YES;
				GCC_WARN_64_TO_32_BIT_CONVERSION = YES;
				GCC_WARN_ABOUT_RETURN_TYPE = YES_ERROR;
				GCC_WARN_UNDECLARED_SELECTOR = YES;
				GCC_WARN_UNINITIALIZED_AUTOS = YES_AGGRESSIVE;
				GCC_WARN_UNUSED_FUNCTION = YES;
				GCC_WARN_UNUSED_VARIABLE = YES;
				IPHONEOS_DEPLOYMENT_TARGET = 15.0;
				LOCALIZATION_PREFERS_STRING_CATALOGS = YES;
				MTL_ENABLE_DEBUG_INFO = NO;
				MTL_FAST_MATH = YES;
				SDKROOT = iphoneos;
				SWIFT_COMPILATION_MODE = wholemodule;
				VALIDATE_PRODUCT = YES;
			};
			name = Release;
		};
		E7DCBFDC2B4D44AC00754DAD /* Debug */ = {
			isa = XCBuildConfiguration;
			buildSettings = {
				ASSETCATALOG_COMPILER_APPICON_NAME = AppIcon;
				ASSETCATALOG_COMPILER_GLOBAL_ACCENT_COLOR_NAME = AccentColor;
				CLANG_ENABLE_MODULES = YES;
				CODE_SIGN_IDENTITY = "Apple Development";
				CODE_SIGN_STYLE = Automatic;
				CURRENT_PROJECT_VERSION = 1;
				DEVELOPMENT_TEAM = "";
				ENABLE_PREVIEWS = YES;
				GENERATE_INFOPLIST_FILE = YES;
				INFOPLIST_FILE = ModuleExample/Launch/Info.plist;
				INFOPLIST_KEY_UIApplicationSupportsIndirectInputEvents = YES;
				INFOPLIST_KEY_UILaunchScreen_Generation = YES;
				INFOPLIST_KEY_UILaunchStoryboardName = LaunchScreen.storyboard;
				INFOPLIST_KEY_UISupportedInterfaceOrientations_iPad = "UIInterfaceOrientationPortrait UIInterfaceOrientationPortraitUpsideDown UIInterfaceOrientationLandscapeLeft UIInterfaceOrientationLandscapeRight";
				INFOPLIST_KEY_UISupportedInterfaceOrientations_iPhone = "UIInterfaceOrientationPortrait UIInterfaceOrientationLandscapeLeft UIInterfaceOrientationLandscapeRight";
				IPHONEOS_DEPLOYMENT_TARGET = 15.0;
				LD_RUNPATH_SEARCH_PATHS = (
					"$(inherited)",
					"@executable_path/Frameworks",
				);
				MARKETING_VERSION = 1.0;
				PRODUCT_BUNDLE_IDENTIFIER = com.shookup.ModuleExample;
				PRODUCT_NAME = "$(TARGET_NAME)";
				PROVISIONING_PROFILE_SPECIFIER = "";
				SWIFT_EMIT_LOC_STRINGS = YES;
				SWIFT_OPTIMIZATION_LEVEL = "-Onone";
				SWIFT_VERSION = 5.0;
				TARGETED_DEVICE_FAMILY = "1,2";
			};
			name = Debug;
		};
		E7DCBFDD2B4D44AC00754DAD /* Release */ = {
			isa = XCBuildConfiguration;
			buildSettings = {
				ASSETCATALOG_COMPILER_APPICON_NAME = AppIcon;
				ASSETCATALOG_COMPILER_GLOBAL_ACCENT_COLOR_NAME = AccentColor;
				CLANG_ENABLE_MODULES = YES;
				CODE_SIGN_IDENTITY = "Apple Development";
				CODE_SIGN_STYLE = Automatic;
				CURRENT_PROJECT_VERSION = 1;
				DEVELOPMENT_TEAM = "";
				ENABLE_PREVIEWS = YES;
				GENERATE_INFOPLIST_FILE = YES;
				INFOPLIST_FILE = ModuleExample/Launch/Info.plist;
				INFOPLIST_KEY_UIApplicationSupportsIndirectInputEvents = YES;
				INFOPLIST_KEY_UILaunchScreen_Generation = YES;
				INFOPLIST_KEY_UILaunchStoryboardName = LaunchScreen.storyboard;
				INFOPLIST_KEY_UISupportedInterfaceOrientations_iPad = "UIInterfaceOrientationPortrait UIInterfaceOrientationPortraitUpsideDown UIInterfaceOrientationLandscapeLeft UIInterfaceOrientationLandscapeRight";
				INFOPLIST_KEY_UISupportedInterfaceOrientations_iPhone = "UIInterfaceOrientationPortrait UIInterfaceOrientationLandscapeLeft UIInterfaceOrientationLandscapeRight";
				IPHONEOS_DEPLOYMENT_TARGET = 15.0;
				LD_RUNPATH_SEARCH_PATHS = (
					"$(inherited)",
					"@executable_path/Frameworks",
				);
				MARKETING_VERSION = 1.0;
				PRODUCT_BUNDLE_IDENTIFIER = com.shookup.ModuleExample;
				PRODUCT_NAME = "$(TARGET_NAME)";
				PROVISIONING_PROFILE_SPECIFIER = "";
				SWIFT_EMIT_LOC_STRINGS = YES;
				SWIFT_VERSION = 5.0;
				TARGETED_DEVICE_FAMILY = "1,2";
			};
			name = Release;
		};
/* End XCBuildConfiguration section */

/* Begin XCConfigurationList section */
		E7A622252B9C4B7B00802183 /* Build configuration list for PBXNativeTarget "ModuleExampleTests" */ = {
			isa = XCConfigurationList;
			buildConfigurations = (
				E7A622262B9C4B7B00802183 /* Debug */,
				E7A622272B9C4B7B00802183 /* Release */,
			);
			defaultConfigurationIsVisible = 0;
			defaultConfigurationName = Release;
		};
		E7DCBFC82B4D44AA00754DAD /* Build configuration list for PBXProject "ModuleExample" */ = {
			isa = XCConfigurationList;
			buildConfigurations = (
				E7DCBFD92B4D44AC00754DAD /* Debug */,
				E7DCBFDA2B4D44AC00754DAD /* Release */,
			);
			defaultConfigurationIsVisible = 0;
			defaultConfigurationName = Release;
		};
		E7DCBFDB2B4D44AC00754DAD /* Build configuration list for PBXNativeTarget "ModuleExample" */ = {
			isa = XCConfigurationList;
			buildConfigurations = (
				E7DCBFDC2B4D44AC00754DAD /* Debug */,
				E7DCBFDD2B4D44AC00754DAD /* Release */,
			);
			defaultConfigurationIsVisible = 0;
			defaultConfigurationName = Release;
		};
/* End XCConfigurationList section */
	};
	rootObject = E7DCBFC52B4D44AA00754DAD /* Project object */;
}
